
Microsoft Visual Studio Solution File, Format Version 12.00
# Visual Studio Version 17
VisualStudioVersion = 17.3.32811.315
MinimumVisualStudioVersion = 10.0.40219.1
Project("{FAE04EC0-301F-11D3-BF4B-00C04F79EFBC}") = "WebApplicationStudentProject1616", "WebApplicationStudentProject1616\WebApplicationStudentProject1616.csproj", "{D9A1337A-9E15-43EC-BC6F-4E83154F3990}"
EndProject
Global
	GlobalSection(SolutionConfigurationPlatforms) = preSolution
		Debug|Any CPU = Debug|Any CPU
		Release|Any CPU = Release|Any CPU
	EndGlobalSection
	GlobalSection(ProjectConfigurationPlatforms) = postSolution
		{D9A1337A-9E15-43EC-BC6F-4E83154F3990}.Debug|Any CPU.ActiveCfg = Debug|Any CPU
		{D9A1337A-9E15-43EC-BC6F-4E83154F3990}.Debug|Any CPU.Build.0 = Debug|Any CPU
		{D9A1337A-9E15-43EC-BC6F-4E83154F3990}.Release|Any CPU.ActiveCfg = Release|Any CPU
		{D9A1337A-9E15-43EC-BC6F-4E83154F3990}.Release|Any CPU.Build.0 = Release|Any CPU
	EndGlobalSection
	GlobalSection(SolutionProperties) = preSolution
		HideSolutionNode = FALSE
	EndGlobalSection
	GlobalSection(ExtensibilityGlobals) = postSolution
		SolutionGuid = {4D452A0B-81A6-46E2-B981-838FFE444A90}
	EndGlobalSection
EndGlobal
